
Microsoft Visual Studio Solution File, Format Version 12.00
# Visual Studio Version 17
VisualStudioVersion = 17.0.31710.8
MinimumVisualStudioVersion = 10.0.40219.1
Project("{FAE04EC0-301F-11D3-BF4B-00C04F79EFBC}") = "BenchmarkingTests", "BenchmarkingTests\BenchmarkingTests.csproj", "{ABED65C6-1BCF-4D3F-8D2B-0A89A2C486B8}"
EndProject
Global
	GlobalSection(SolutionConfigurationPlatforms) = preSolution
		Debug|Any CPU = Debug|Any CPU
		Release|Any CPU = Release|Any CPU
	EndGlobalSection
	GlobalSection(ProjectConfigurationPlatforms) = postSolution
		{ABED65C6-1BCF-4D3F-8D2B-0A89A2C486B8}.Debug|Any CPU.ActiveCfg = Debug|Any CPU
		{ABED65C6-1BCF-4D3F-8D2B-0A89A2C486B8}.Debug|Any CPU.Build.0 = Debug|Any CPU
		{ABED65C6-1BCF-4D3F-8D2B-0A89A2C486B8}.Release|Any CPU.ActiveCfg = Release|Any CPU
		{ABED65C6-1BCF-4D3F-8D2B-0A89A2C486B8}.Release|Any CPU.Build.0 = Release|Any CPU
	EndGlobalSection
	GlobalSection(SolutionProperties) = preSolution
		HideSolutionNode = FALSE
	EndGlobalSection
	GlobalSection(ExtensibilityGlobals) = postSolution
		SolutionGuid = {A38C33FF-E9A6-4E2D-A9D9-73F3B487F423}
	EndGlobalSection
EndGlobal
